
Microsoft Visual Studio Solution File, Format Version 12.00
# Visual Studio Version 17
VisualStudioVersion = 17.13.35931.197 d17.13
MinimumVisualStudioVersion = 10.0.40219.1
Project("{FAE04EC0-301F-11D3-BF4B-00C04F79EFBC}") = "homework-slot1", "homework-slot1\homework-slot1.csproj", "{3E2359CE-FC6B-4D13-9B5B-13B7D9AD5E66}"
EndProject
Global
	GlobalSection(SolutionConfigurationPlatforms) = preSolution
		Debug|Any CPU = Debug|Any CPU
		Release|Any CPU = Release|Any CPU
	EndGlobalSection
	GlobalSection(ProjectConfigurationPlatforms) = postSolution
		{3E2359CE-FC6B-4D13-9B5B-13B7D9AD5E66}.Debug|Any CPU.ActiveCfg = Debug|Any CPU
		{3E2359CE-FC6B-4D13-9B5B-13B7D9AD5E66}.Debug|Any CPU.Build.0 = Debug|Any CPU
		{3E2359CE-FC6B-4D13-9B5B-13B7D9AD5E66}.Release|Any CPU.ActiveCfg = Release|Any CPU
		{3E2359CE-FC6B-4D13-9B5B-13B7D9AD5E66}.Release|Any CPU.Build.0 = Release|Any CPU
	EndGlobalSection
	GlobalSection(SolutionProperties) = preSolution
		HideSolutionNode = FALSE
	EndGlobalSection
	GlobalSection(ExtensibilityGlobals) = postSolution
		SolutionGuid = {6697F5AC-4E9C-4219-B496-7CA268C0A0C9}
	EndGlobalSection
EndGlobal
